
Microsoft Visual Studio Solution File, Format Version 12.00
# Visual Studio Version 17
VisualStudioVersion = 17.7.34018.315
MinimumVisualStudioVersion = 10.0.40219.1
Project("{FAE04EC0-301F-11D3-BF4B-00C04F79EFBC}") = "ContactList_FinalProject", "ContactList_FinalProject\ContactList_FinalProject.csproj", "{46F14B6A-AEF9-4A74-BEA4-8BEBBB28A3B1}"
EndProject
Project("{FAE04EC0-301F-11D3-BF4B-00C04F79EFBC}") = "ContactList.UnitTests", "ContactList.UnitTests\ContactList.UnitTests.csproj", "{2230B8D8-5973-4E66-A5E8-0740E4900D8C}"
EndProject
Global
	GlobalSection(SolutionConfigurationPlatforms) = preSolution
		Debug|Any CPU = Debug|Any CPU
		Release|Any CPU = Release|Any CPU
	EndGlobalSection
	GlobalSection(ProjectConfigurationPlatforms) = postSolution
		{46F14B6A-AEF9-4A74-BEA4-8BEBBB28A3B1}.Debug|Any CPU.ActiveCfg = Debug|Any CPU
		{46F14B6A-AEF9-4A74-BEA4-8BEBBB28A3B1}.Debug|Any CPU.Build.0 = Debug|Any CPU
		{46F14B6A-AEF9-4A74-BEA4-8BEBBB28A3B1}.Release|Any CPU.ActiveCfg = Release|Any CPU
		{46F14B6A-AEF9-4A74-BEA4-8BEBBB28A3B1}.Release|Any CPU.Build.0 = Release|Any CPU
		{2230B8D8-5973-4E66-A5E8-0740E4900D8C}.Debug|Any CPU.ActiveCfg = Debug|Any CPU
		{2230B8D8-5973-4E66-A5E8-0740E4900D8C}.Debug|Any CPU.Build.0 = Debug|Any CPU
		{2230B8D8-5973-4E66-A5E8-0740E4900D8C}.Release|Any CPU.ActiveCfg = Release|Any CPU
		{2230B8D8-5973-4E66-A5E8-0740E4900D8C}.Release|Any CPU.Build.0 = Release|Any CPU
	EndGlobalSection
	GlobalSection(SolutionProperties) = preSolution
		HideSolutionNode = FALSE
	EndGlobalSection
	GlobalSection(ExtensibilityGlobals) = postSolution
		SolutionGuid = {983D2B2B-1261-43ED-945D-8866B4E5A2BE}
	EndGlobalSection
EndGlobal
