
Microsoft Visual Studio Solution File, Format Version 12.00
# Visual Studio Version 17
VisualStudioVersion = 17.7.34018.315
MinimumVisualStudioVersion = 10.0.40219.1
Project("{FAE04EC0-301F-11D3-BF4B-00C04F79EFBC}") = "ContactList_Project_Test2", "ContactList_Project_Test2\ContactList_Project_Test2.csproj", "{0AB1941A-9E62-471D-9B68-42B595FC69F8}"
EndProject
Project("{FAE04EC0-301F-11D3-BF4B-00C04F79EFBC}") = "Tests_ContactList", "Tests_ContactList\Tests_ContactList.csproj", "{5EE953B7-7279-4F34-A927-BB92D7CFEE93}"
EndProject
Global
	GlobalSection(SolutionConfigurationPlatforms) = preSolution
		Debug|Any CPU = Debug|Any CPU
		Release|Any CPU = Release|Any CPU
	EndGlobalSection
	GlobalSection(ProjectConfigurationPlatforms) = postSolution
		{0AB1941A-9E62-471D-9B68-42B595FC69F8}.Debug|Any CPU.ActiveCfg = Debug|Any CPU
		{0AB1941A-9E62-471D-9B68-42B595FC69F8}.Debug|Any CPU.Build.0 = Debug|Any CPU
		{0AB1941A-9E62-471D-9B68-42B595FC69F8}.Release|Any CPU.ActiveCfg = Release|Any CPU
		{0AB1941A-9E62-471D-9B68-42B595FC69F8}.Release|Any CPU.Build.0 = Release|Any CPU
		{5EE953B7-7279-4F34-A927-BB92D7CFEE93}.Debug|Any CPU.ActiveCfg = Debug|Any CPU
		{5EE953B7-7279-4F34-A927-BB92D7CFEE93}.Debug|Any CPU.Build.0 = Debug|Any CPU
		{5EE953B7-7279-4F34-A927-BB92D7CFEE93}.Release|Any CPU.ActiveCfg = Release|Any CPU
		{5EE953B7-7279-4F34-A927-BB92D7CFEE93}.Release|Any CPU.Build.0 = Release|Any CPU
	EndGlobalSection
	GlobalSection(SolutionProperties) = preSolution
		HideSolutionNode = FALSE
	EndGlobalSection
	GlobalSection(ExtensibilityGlobals) = postSolution
		SolutionGuid = {592AFFAE-537E-4FD6-AF55-8C1C824CBCB3}
	EndGlobalSection
EndGlobal
